
Microsoft Visual Studio Solution File, Format Version 12.00
# Visual Studio Version 17
VisualStudioVersion = 17.12.35323.107
MinimumVisualStudioVersion = 10.0.40219.1
Project("{FAE04EC0-301F-11D3-BF4B-00C04F79EFBC}") = "PartialView", "PartialView\PartialView.csproj", "{6456AF5F-0177-4CF3-BE9D-60B013DC252B}"
EndProject
Global
	GlobalSection(SolutionConfigurationPlatforms) = preSolution
		Debug|Any CPU = Debug|Any CPU
		Release|Any CPU = Release|Any CPU
	EndGlobalSection
	GlobalSection(ProjectConfigurationPlatforms) = postSolution
		{6456AF5F-0177-4CF3-BE9D-60B013DC252B}.Debug|Any CPU.ActiveCfg = Debug|Any CPU
		{6456AF5F-0177-4CF3-BE9D-60B013DC252B}.Debug|Any CPU.Build.0 = Debug|Any CPU
		{6456AF5F-0177-4CF3-BE9D-60B013DC252B}.Release|Any CPU.ActiveCfg = Release|Any CPU
		{6456AF5F-0177-4CF3-BE9D-60B013DC252B}.Release|Any CPU.Build.0 = Release|Any CPU
	EndGlobalSection
	GlobalSection(SolutionProperties) = preSolution
		HideSolutionNode = FALSE
	EndGlobalSection
	GlobalSection(ExtensibilityGlobals) = postSolution
		SolutionGuid = {AE229F84-ED06-4265-9860-6D11250D44ED}
	EndGlobalSection
EndGlobal
